// !$*UTF8*$!
{
	archiveVersion = 1;
	classes = {
	};
	objectVersion = 50;
	objects = {

/* Begin PBXBuildFile section */
		0F41864E080565B0A2E7BBEE /* Pods_TheiaSat.framework in Frameworks */ = {isa = PBXBuildFile; fileRef = C870D5F35BB45A73BBF4DBD7 /* Pods_TheiaSat.framework */; };
		370F6A7368BD39375C0EAD06 /* Pods_TheiaSatUITests.framework in Frameworks */ = {isa = PBXBuildFile; fileRef = F88E2E4773B89B190301113C /* Pods_TheiaSatUITests.framework */; };
		80DB81CB22A3666800A77A02 /* ZeitSatTrack.framework in Frameworks */ = {isa = PBXBuildFile; fileRef = 80DB81C922A3666000A77A02 /* ZeitSatTrack.framework */; };
		80DB81CC22A3666800A77A02 /* ZeitSatTrack.framework in Embed Frameworks */ = {isa = PBXBuildFile; fileRef = 80DB81C922A3666000A77A02 /* ZeitSatTrack.framework */; settings = {ATTRIBUTES = (CodeSignOnCopy, RemoveHeadersOnCopy, ); }; };
		80DB81CE22A3711A00A77A02 /* Satellite.swift in Sources */ = {isa = PBXBuildFile; fileRef = 80DB81CD22A3711A00A77A02 /* Satellite.swift */; };
		80DCAEDB22A32C0E00F28BDA /* AppDelegate.swift in Sources */ = {isa = PBXBuildFile; fileRef = 80DCAEDA22A32C0E00F28BDA /* AppDelegate.swift */; };
		80DCAEDD22A32C0E00F28BDA /* ViewController.swift in Sources */ = {isa = PBXBuildFile; fileRef = 80DCAEDC22A32C0E00F28BDA /* ViewController.swift */; };
		80DCAEE022A32C0E00F28BDA /* Main.storyboard in Resources */ = {isa = PBXBuildFile; fileRef = 80DCAEDE22A32C0E00F28BDA /* Main.storyboard */; };
		80DCAEE222A32C1100F28BDA /* Assets.xcassets in Resources */ = {isa = PBXBuildFile; fileRef = 80DCAEE122A32C1100F28BDA /* Assets.xcassets */; };
		80DCAEE522A32C1100F28BDA /* LaunchScreen.storyboard in Resources */ = {isa = PBXBuildFile; fileRef = 80DCAEE322A32C1100F28BDA /* LaunchScreen.storyboard */; };
		80DCAEF022A32C1100F28BDA /* TheiaSatTests.swift in Sources */ = {isa = PBXBuildFile; fileRef = 80DCAEEF22A32C1100F28BDA /* TheiaSatTests.swift */; };
		80DCAEFB22A32C1100F28BDA /* TheiaSatUITests.swift in Sources */ = {isa = PBXBuildFile; fileRef = 80DCAEFA22A32C1100F28BDA /* TheiaSatUITests.swift */; };
		D2EB5050E50D7218DFCF6321 /* Pods_TheiaSatTests.framework in Frameworks */ = {isa = PBXBuildFile; fileRef = FF2D621503781C15245E017E /* Pods_TheiaSatTests.framework */; };
/* End PBXBuildFile section */

/* Begin PBXContainerItemProxy section */
		80DCAEEC22A32C1100F28BDA /* PBXContainerItemProxy */ = {
			isa = PBXContainerItemProxy;
			containerPortal = 80DCAECF22A32C0E00F28BDA /* Project object */;
			proxyType = 1;
			remoteGlobalIDString = 80DCAED622A32C0E00F28BDA;
			remoteInfo = TheiaSat;
		};
		80DCAEF722A32C1100F28BDA /* PBXContainerItemProxy */ = {
			isa = PBXContainerItemProxy;
			containerPortal = 80DCAECF22A32C0E00F28BDA /* Project object */;
			proxyType = 1;
			remoteGlobalIDString = 80DCAED622A32C0E00F28BDA;
			remoteInfo = TheiaSat;
		};
/* End PBXContainerItemProxy section */

/* Begin PBXCopyFilesBuildPhase section */
		80DCAF1E22A35D1C00F28BDA /* Embed Frameworks */ = {
			isa = PBXCopyFilesBuildPhase;
			buildActionMask = 2147483647;
			dstPath = "";
			dstSubfolderSpec = 10;
			files = (
				80DB81CC22A3666800A77A02 /* ZeitSatTrack.framework in Embed Frameworks */,
			);
			name = "Embed Frameworks";
			runOnlyForDeploymentPostprocessing = 0;
		};
/* End PBXCopyFilesBuildPhase section */

/* Begin PBXFileReference section */
		44CFE6AB9940D40C2A2EBBAC /* Pods-TheiaSatTests.debug.xcconfig */ = {isa = PBXFileReference; includeInIndex = 1; lastKnownFileType = text.xcconfig; name = "Pods-TheiaSatTests.debug.xcconfig"; path = "Target Support Files/Pods-TheiaSatTests/Pods-TheiaSatTests.debug.xcconfig"; sourceTree = "<group>"; };
		4744338F4948C004AD05CBD0 /* Pods-TheiaSatTests.release.xcconfig */ = {isa = PBXFileReference; includeInIndex = 1; lastKnownFileType = text.xcconfig; name = "Pods-TheiaSatTests.release.xcconfig"; path = "Target Support Files/Pods-TheiaSatTests/Pods-TheiaSatTests.release.xcconfig"; sourceTree = "<group>"; };
		727C0E5DB4E12E6BF9557B44 /* Pods-TheiaSat.release.xcconfig */ = {isa = PBXFileReference; includeInIndex = 1; lastKnownFileType = text.xcconfig; name = "Pods-TheiaSat.release.xcconfig"; path = "Target Support Files/Pods-TheiaSat/Pods-TheiaSat.release.xcconfig"; sourceTree = "<group>"; };
		80DB81C922A3666000A77A02 /* ZeitSatTrack.framework */ = {isa = PBXFileReference; lastKnownFileType = wrapper.framework; path = ZeitSatTrack.framework; sourceTree = "<group>"; };
		80DB81CD22A3711A00A77A02 /* Satellite.swift */ = {isa = PBXFileReference; lastKnownFileType = sourcecode.swift; path = Satellite.swift; sourceTree = "<group>"; };
		80DCAED722A32C0E00F28BDA /* TheiaSat.app */ = {isa = PBXFileReference; explicitFileType = wrapper.application; includeInIndex = 0; path = TheiaSat.app; sourceTree = BUILT_PRODUCTS_DIR; };
		80DCAEDA22A32C0E00F28BDA /* AppDelegate.swift */ = {isa = PBXFileReference; lastKnownFileType = sourcecode.swift; path = AppDelegate.swift; sourceTree = "<group>"; };
		80DCAEDC22A32C0E00F28BDA /* ViewController.swift */ = {isa = PBXFileReference; lastKnownFileType = sourcecode.swift; path = ViewController.swift; sourceTree = "<group>"; };
		80DCAEDF22A32C0E00F28BDA /* Base */ = {isa = PBXFileReference; lastKnownFileType = file.storyboard; name = Base; path = Base.lproj/Main.storyboard; sourceTree = "<group>"; };
		80DCAEE122A32C1100F28BDA /* Assets.xcassets */ = {isa = PBXFileReference; lastKnownFileType = folder.assetcatalog; path = Assets.xcassets; sourceTree = "<group>"; };
		80DCAEE422A32C1100F28BDA /* Base */ = {isa = PBXFileReference; lastKnownFileType = file.storyboard; name = Base; path = Base.lproj/LaunchScreen.storyboard; sourceTree = "<group>"; };
		80DCAEE622A32C1100F28BDA /* Info.plist */ = {isa = PBXFileReference; lastKnownFileType = text.plist.xml; path = Info.plist; sourceTree = "<group>"; };
		80DCAEEB22A32C1100F28BDA /* TheiaSatTests.xctest */ = {isa = PBXFileReference; explicitFileType = wrapper.cfbundle; includeInIndex = 0; path = TheiaSatTests.xctest; sourceTree = BUILT_PRODUCTS_DIR; };
		80DCAEEF22A32C1100F28BDA /* TheiaSatTests.swift */ = {isa = PBXFileReference; lastKnownFileType = sourcecode.swift; path = TheiaSatTests.swift; sourceTree = "<group>"; };
		80DCAEF122A32C1100F28BDA /* Info.plist */ = {isa = PBXFileReference; lastKnownFileType = text.plist.xml; path = Info.plist; sourceTree = "<group>"; };
		80DCAEF622A32C1100F28BDA /* TheiaSatUITests.xctest */ = {isa = PBXFileReference; explicitFileType = wrapper.cfbundle; includeInIndex = 0; path = TheiaSatUITests.xctest; sourceTree = BUILT_PRODUCTS_DIR; };
		80DCAEFA22A32C1100F28BDA /* TheiaSatUITests.swift */ = {isa = PBXFileReference; lastKnownFileType = sourcecode.swift; path = TheiaSatUITests.swift; sourceTree = "<group>"; };
		80DCAEFC22A32C1100F28BDA /* Info.plist */ = {isa = PBXFileReference; lastKnownFileType = text.plist.xml; path = Info.plist; sourceTree = "<group>"; };
		8691ED289C652F8BBA0B5744 /* Pods-TheiaSat.debug.xcconfig */ = {isa = PBXFileReference; includeInIndex = 1; lastKnownFileType = text.xcconfig; name = "Pods-TheiaSat.debug.xcconfig"; path = "Target Support Files/Pods-TheiaSat/Pods-TheiaSat.debug.xcconfig"; sourceTree = "<group>"; };
		8BE386FA627F14064F3968F1 /* Pods-TheiaSatUITests.release.xcconfig */ = {isa = PBXFileReference; includeInIndex = 1; lastKnownFileType = text.xcconfig; name = "Pods-TheiaSatUITests.release.xcconfig"; path = "Target Support Files/Pods-TheiaSatUITests/Pods-TheiaSatUITests.release.xcconfig"; sourceTree = "<group>"; };
		C3240683B9A8ED58467FD1AA /* Pods-TheiaSatUITests.debug.xcconfig */ = {isa = PBXFileReference; includeInIndex = 1; lastKnownFileType = text.xcconfig; name = "Pods-TheiaSatUITests.debug.xcconfig"; path = "Target Support Files/Pods-TheiaSatUITests/Pods-TheiaSatUITests.debug.xcconfig"; sourceTree = "<group>"; };
		C870D5F35BB45A73BBF4DBD7 /* Pods_TheiaSat.framework */ = {isa = PBXFileReference; explicitFileType = wrapper.framework; includeInIndex = 0; path = Pods_TheiaSat.framework; sourceTree = BUILT_PRODUCTS_DIR; };
		F88E2E4773B89B190301113C /* Pods_TheiaSatUITests.framework */ = {isa = PBXFileReference; explicitFileType = wrapper.framework; includeInIndex = 0; path = Pods_TheiaSatUITests.framework; sourceTree = BUILT_PRODUCTS_DIR; };
		FF2D621503781C15245E017E /* Pods_TheiaSatTests.framework */ = {isa = PBXFileReference; explicitFileType = wrapper.framework; includeInIndex = 0; path = Pods_TheiaSatTests.framework; sourceTree = BUILT_PRODUCTS_DIR; };
/* End PBXFileReference section */

/* Begin PBXFrameworksBuildPhase section */
		80DCAED422A32C0E00F28BDA /* Frameworks */ = {
			isa = PBXFrameworksBuildPhase;
			buildActionMask = 2147483647;
			files = (
				0F41864E080565B0A2E7BBEE /* Pods_TheiaSat.framework in Frameworks */,
				80DB81CB22A3666800A77A02 /* ZeitSatTrack.framework in Frameworks */,
			);
			runOnlyForDeploymentPostprocessing = 0;
		};
		80DCAEE822A32C1100F28BDA /* Frameworks */ = {
			isa = PBXFrameworksBuildPhase;
			buildActionMask = 2147483647;
			files = (
				D2EB5050E50D7218DFCF6321 /* Pods_TheiaSatTests.framework in Frameworks */,
			);
			runOnlyForDeploymentPostprocessing = 0;
		};
		80DCAEF322A32C1100F28BDA /* Frameworks */ = {
			isa = PBXFrameworksBuildPhase;
			buildActionMask = 2147483647;
			files = (
				370F6A7368BD39375C0EAD06 /* Pods_TheiaSatUITests.framework in Frameworks */,
			);
			runOnlyForDeploymentPostprocessing = 0;
		};
/* End PBXFrameworksBuildPhase section */

/* Begin PBXGroup section */
		462A4AE485FD3243F722DAA2 /* Frameworks */ = {
			isa = PBXGroup;
			children = (
				C870D5F35BB45A73BBF4DBD7 /* Pods_TheiaSat.framework */,
				FF2D621503781C15245E017E /* Pods_TheiaSatTests.framework */,
				F88E2E4773B89B190301113C /* Pods_TheiaSatUITests.framework */,
			);
			name = Frameworks;
			sourceTree = "<group>";
		};
		80DCAECE22A32C0E00F28BDA = {
			isa = PBXGroup;
			children = (
				80DB81C922A3666000A77A02 /* ZeitSatTrack.framework */,
				80DCAED922A32C0E00F28BDA /* TheiaSat */,
				80DCAEEE22A32C1100F28BDA /* TheiaSatTests */,
				80DCAEF922A32C1100F28BDA /* TheiaSatUITests */,
				80DCAED822A32C0E00F28BDA /* Products */,
				A6E3F82410D2B9F3CC317B68 /* Pods */,
				462A4AE485FD3243F722DAA2 /* Frameworks */,
			);
			sourceTree = "<group>";
		};
		80DCAED822A32C0E00F28BDA /* Products */ = {
			isa = PBXGroup;
			children = (
				80DCAED722A32C0E00F28BDA /* TheiaSat.app */,
				80DCAEEB22A32C1100F28BDA /* TheiaSatTests.xctest */,
				80DCAEF622A32C1100F28BDA /* TheiaSatUITests.xctest */,
			);
			name = Products;
			sourceTree = "<group>";
		};
		80DCAED922A32C0E00F28BDA /* TheiaSat */ = {
			isa = PBXGroup;
			children = (
				80DCAEDA22A32C0E00F28BDA /* AppDelegate.swift */,
				80DCAEDC22A32C0E00F28BDA /* ViewController.swift */,
				80DCAEDE22A32C0E00F28BDA /* Main.storyboard */,
				80DCAEE122A32C1100F28BDA /* Assets.xcassets */,
				80DCAEE322A32C1100F28BDA /* LaunchScreen.storyboard */,
				80DCAEE622A32C1100F28BDA /* Info.plist */,
				80DB81CD22A3711A00A77A02 /* Satellite.swift */,
			);
			path = TheiaSat;
			sourceTree = "<group>";
		};
		80DCAEEE22A32C1100F28BDA /* TheiaSatTests */ = {
			isa = PBXGroup;
			children = (
				80DCAEEF22A32C1100F28BDA /* TheiaSatTests.swift */,
				80DCAEF122A32C1100F28BDA /* Info.plist */,
			);
			path = TheiaSatTests;
			sourceTree = "<group>";
		};
		80DCAEF922A32C1100F28BDA /* TheiaSatUITests */ = {
			isa = PBXGroup;
			children = (
				80DCAEFA22A32C1100F28BDA /* TheiaSatUITests.swift */,
				80DCAEFC22A32C1100F28BDA /* Info.plist */,
			);
			path = TheiaSatUITests;
			sourceTree = "<group>";
		};
		A6E3F82410D2B9F3CC317B68 /* Pods */ = {
			isa = PBXGroup;
			children = (
				8691ED289C652F8BBA0B5744 /* Pods-TheiaSat.debug.xcconfig */,
				727C0E5DB4E12E6BF9557B44 /* Pods-TheiaSat.release.xcconfig */,
				44CFE6AB9940D40C2A2EBBAC /* Pods-TheiaSatTests.debug.xcconfig */,
				4744338F4948C004AD05CBD0 /* Pods-TheiaSatTests.release.xcconfig */,
				C3240683B9A8ED58467FD1AA /* Pods-TheiaSatUITests.debug.xcconfig */,
				8BE386FA627F14064F3968F1 /* Pods-TheiaSatUITests.release.xcconfig */,
			);
			path = Pods;
			sourceTree = "<group>";
		};
/* End PBXGroup section */

/* Begin PBXNativeTarget section */
		80DCAED622A32C0E00F28BDA /* TheiaSat */ = {
			isa = PBXNativeTarget;
			buildConfigurationList = 80DCAEFF22A32C1100F28BDA /* Build configuration list for PBXNativeTarget "TheiaSat" */;
			buildPhases = (
				FAC284AB82141AF6B81D2B38 /* [CP] Check Pods Manifest.lock */,
				80DCAED322A32C0E00F28BDA /* Sources */,
				80DCAED422A32C0E00F28BDA /* Frameworks */,
				80DCAED522A32C0E00F28BDA /* Resources */,
				80DCAF1E22A35D1C00F28BDA /* Embed Frameworks */,
			);
			buildRules = (
			);
			dependencies = (
			);
			name = TheiaSat;
			productName = TheiaSat;
			productReference = 80DCAED722A32C0E00F28BDA /* TheiaSat.app */;
			productType = "com.apple.product-type.application";
		};
		80DCAEEA22A32C1100F28BDA /* TheiaSatTests */ = {
			isa = PBXNativeTarget;
			buildConfigurationList = 80DCAF0222A32C1100F28BDA /* Build configuration list for PBXNativeTarget "TheiaSatTests" */;
			buildPhases = (
				E3CC2E2C93A58498F8555743 /* [CP] Check Pods Manifest.lock */,
				80DCAEE722A32C1100F28BDA /* Sources */,
				80DCAEE822A32C1100F28BDA /* Frameworks */,
				80DCAEE922A32C1100F28BDA /* Resources */,
			);
			buildRules = (
			);
			dependencies = (
				80DCAEED22A32C1100F28BDA /* PBXTargetDependency */,
			);
			name = TheiaSatTests;
			productName = TheiaSatTests;
			productReference = 80DCAEEB22A32C1100F28BDA /* TheiaSatTests.xctest */;
			productType = "com.apple.product-type.bundle.unit-test";
		};
		80DCAEF522A32C1100F28BDA /* TheiaSatUITests */ = {
			isa = PBXNativeTarget;
			buildConfigurationList = 80DCAF0522A32C1100F28BDA /* Build configuration list for PBXNativeTarget "TheiaSatUITests" */;
			buildPhases = (
				EE8AC3EA9350ED0E424E1A05 /* [CP] Check Pods Manifest.lock */,
				80DCAEF222A32C1100F28BDA /* Sources */,
				80DCAEF322A32C1100F28BDA /* Frameworks */,
				80DCAEF422A32C1100F28BDA /* Resources */,
			);
			buildRules = (
			);
			dependencies = (
				80DCAEF822A32C1100F28BDA /* PBXTargetDependency */,
			);
			name = TheiaSatUITests;
			productName = TheiaSatUITests;
			productReference = 80DCAEF622A32C1100F28BDA /* TheiaSatUITests.xctest */;
			productType = "com.apple.product-type.bundle.ui-testing";
		};
/* End PBXNativeTarget section */

/* Begin PBXProject section */
		80DCAECF22A32C0E00F28BDA /* Project object */ = {
			isa = PBXProject;
			attributes = {
				LastSwiftUpdateCheck = 1020;
				LastUpgradeCheck = 1020;
				ORGANIZATIONNAME = "Michael VanDyke";
				TargetAttributes = {
					80DCAED622A32C0E00F28BDA = {
						CreatedOnToolsVersion = 10.2.1;
					};
					80DCAEEA22A32C1100F28BDA = {
						CreatedOnToolsVersion = 10.2.1;
						TestTargetID = 80DCAED622A32C0E00F28BDA;
					};
					80DCAEF522A32C1100F28BDA = {
						CreatedOnToolsVersion = 10.2.1;
						TestTargetID = 80DCAED622A32C0E00F28BDA;
					};
				};
			};
			buildConfigurationList = 80DCAED222A32C0E00F28BDA /* Build configuration list for PBXProject "TheiaSat" */;
			compatibilityVersion = "Xcode 9.3";
			developmentRegion = en;
			hasScannedForEncodings = 0;
			knownRegions = (
				en,
				Base,
			);
			mainGroup = 80DCAECE22A32C0E00F28BDA;
			productRefGroup = 80DCAED822A32C0E00F28BDA /* Products */;
			projectDirPath = "";
			projectRoot = "";
			targets = (
				80DCAED622A32C0E00F28BDA /* TheiaSat */,
				80DCAEEA22A32C1100F28BDA /* TheiaSatTests */,
				80DCAEF522A32C1100F28BDA /* TheiaSatUITests */,
			);
		};
/* End PBXProject section */

/* Begin PBXResourcesBuildPhase section */
		80DCAED522A32C0E00F28BDA /* Resources */ = {
			isa = PBXResourcesBuildPhase;
			buildActionMask = 2147483647;
			files = (
				80DCAEE522A32C1100F28BDA /* LaunchScreen.storyboard in Resources */,
				80DCAEE222A32C1100F28BDA /* Assets.xcassets in Resources */,
				80DCAEE022A32C0E00F28BDA /* Main.storyboard in Resources */,
			);
			runOnlyForDeploymentPostprocessing = 0;
		};
		80DCAEE922A32C1100F28BDA /* Resources */ = {
			isa = PBXResourcesBuildPhase;
			buildActionMask = 2147483647;
			files = (
			);
			runOnlyForDeploymentPostprocessing = 0;
		};
		80DCAEF422A32C1100F28BDA /* Resources */ = {
			isa = PBXResourcesBuildPhase;
			buildActionMask = 2147483647;
			files = (
			);
			runOnlyForDeploymentPostprocessing = 0;
		};
/* End PBXResourcesBuildPhase section */

/* Begin PBXShellScriptBuildPhase section */
		E3CC2E2C93A58498F8555743 /* [CP] Check Pods Manifest.lock */ = {
			isa = PBXShellScriptBuildPhase;
			buildActionMask = 2147483647;
			files = (
			);
			inputFileListPaths = (
			);
			inputPaths = (
				"${PODS_PODFILE_DIR_PATH}/Podfile.lock",
				"${PODS_ROOT}/Manifest.lock",
			);
			name = "[CP] Check Pods Manifest.lock";
			outputFileListPaths = (
			);
			outputPaths = (
				"$(DERIVED_FILE_DIR)/Pods-TheiaSatTests-checkManifestLockResult.txt",
			);
			runOnlyForDeploymentPostprocessing = 0;
			shellPath = /bin/sh;
			shellScript = "diff \"${PODS_PODFILE_DIR_PATH}/Podfile.lock\" \"${PODS_ROOT}/Manifest.lock\" > /dev/null\nif [ $? != 0 ] ; then\n    # print error to STDERR\n    echo \"error: The sandbox is not in sync with the Podfile.lock. Run 'pod install' or update your CocoaPods installation.\" >&2\n    exit 1\nfi\n# This output is used by Xcode 'outputs' to avoid re-running this script phase.\necho \"SUCCESS\" > \"${SCRIPT_OUTPUT_FILE_0}\"\n";
			showEnvVarsInLog = 0;
		};
		EE8AC3EA9350ED0E424E1A05 /* [CP] Check Pods Manifest.lock */ = {
			isa = PBXShellScriptBuildPhase;
			buildActionMask = 2147483647;
			files = (
			);
			inputFileListPaths = (
			);
			inputPaths = (
				"${PODS_PODFILE_DIR_PATH}/Podfile.lock",
				"${PODS_ROOT}/Manifest.lock",
			);
			name = "[CP] Check Pods Manifest.lock";
			outputFileListPaths = (
			);
			outputPaths = (
				"$(DERIVED_FILE_DIR)/Pods-TheiaSatUITests-checkManifestLockResult.txt",
			);
			runOnlyForDeploymentPostprocessing = 0;
			shellPath = /bin/sh;
			shellScript = "diff \"${PODS_PODFILE_DIR_PATH}/Podfile.lock\" \"${PODS_ROOT}/Manifest.lock\" > /dev/null\nif [ $? != 0 ] ; then\n    # print error to STDERR\n    echo \"error: The sandbox is not in sync with the Podfile.lock. Run 'pod install' or update your CocoaPods installation.\" >&2\n    exit 1\nfi\n# This output is used by Xcode 'outputs' to avoid re-running this script phase.\necho \"SUCCESS\" > \"${SCRIPT_OUTPUT_FILE_0}\"\n";
			showEnvVarsInLog = 0;
		};
		FAC284AB82141AF6B81D2B38 /* [CP] Check Pods Manifest.lock */ = {
			isa = PBXShellScriptBuildPhase;
			buildActionMask = 2147483647;
			files = (
			);
			inputFileListPaths = (
			);
			inputPaths = (
				"${PODS_PODFILE_DIR_PATH}/Podfile.lock",
				"${PODS_ROOT}/Manifest.lock",
			);
			name = "[CP] Check Pods Manifest.lock";
			outputFileListPaths = (
			);
			outputPaths = (
				"$(DERIVED_FILE_DIR)/Pods-TheiaSat-checkManifestLockResult.txt",
			);
			runOnlyForDeploymentPostprocessing = 0;
			shellPath = /bin/sh;
			shellScript = "diff \"${PODS_PODFILE_DIR_PATH}/Podfile.lock\" \"${PODS_ROOT}/Manifest.lock\" > /dev/null\nif [ $? != 0 ] ; then\n    # print error to STDERR\n    echo \"error: The sandbox is not in sync with the Podfile.lock. Run 'pod install' or update your CocoaPods installation.\" >&2\n    exit 1\nfi\n# This output is used by Xcode 'outputs' to avoid re-running this script phase.\necho \"SUCCESS\" > \"${SCRIPT_OUTPUT_FILE_0}\"\n";
			showEnvVarsInLog = 0;
		};
/* End PBXShellScriptBuildPhase section */

/* Begin PBXSourcesBuildPhase section */
		80DCAED322A32C0E00F28BDA /* Sources */ = {
			isa = PBXSourcesBuildPhase;
			buildActionMask = 2147483647;
			files = (
				80DCAEDD22A32C0E00F28BDA /* ViewController.swift in Sources */,
				80DCAEDB22A32C0E00F28BDA /* AppDelegate.swift in Sources */,
				80DB81CE22A3711A00A77A02 /* Satellite.swift in Sources */,
			);
			runOnlyForDeploymentPostprocessing = 0;
		};
		80DCAEE722A32C1100F28BDA /* Sources */ = {
			isa = PBXSourcesBuildPhase;
			buildActionMask = 2147483647;
			files = (
				80DCAEF022A32C1100F28BDA /* TheiaSatTests.swift in Sources */,
			);
			runOnlyForDeploymentPostprocessing = 0;
		};
		80DCAEF222A32C1100F28BDA /* Sources */ = {
			isa = PBXSourcesBuildPhase;
			buildActionMask = 2147483647;
			files = (
				80DCAEFB22A32C1100F28BDA /* TheiaSatUITests.swift in Sources */,
			);
			runOnlyForDeploymentPostprocessing = 0;
		};
/* End PBXSourcesBuildPhase section */

/* Begin PBXTargetDependency section */
		80DCAEED22A32C1100F28BDA /* PBXTargetDependency */ = {
			isa = PBXTargetDependency;
			target = 80DCAED622A32C0E00F28BDA /* TheiaSat */;
			targetProxy = 80DCAEEC22A32C1100F28BDA /* PBXContainerItemProxy */;
		};
		80DCAEF822A32C1100F28BDA /* PBXTargetDependency */ = {
			isa = PBXTargetDependency;
			target = 80DCAED622A32C0E00F28BDA /* TheiaSat */;
			targetProxy = 80DCAEF722A32C1100F28BDA /* PBXContainerItemProxy */;
		};
/* End PBXTargetDependency section */

/* Begin PBXVariantGroup section */
		80DCAEDE22A32C0E00F28BDA /* Main.storyboard */ = {
			isa = PBXVariantGroup;
			children = (
				80DCAEDF22A32C0E00F28BDA /* Base */,
			);
			name = Main.storyboard;
			sourceTree = "<group>";
		};
		80DCAEE322A32C1100F28BDA /* LaunchScreen.storyboard */ = {
			isa = PBXVariantGroup;
			children = (
				80DCAEE422A32C1100F28BDA /* Base */,
			);
			name = LaunchScreen.storyboard;
			sourceTree = "<group>";
		};
/* End PBXVariantGroup section */

/* Begin XCBuildConfiguration section */
		80DCAEFD22A32C1100F28BDA /* Debug */ = {
			isa = XCBuildConfiguration;
			buildSettings = {
				ALWAYS_SEARCH_USER_PATHS = NO;
				CLANG_ANALYZER_NONNULL = YES;
				CLANG_ANALYZER_NUMBER_OBJECT_CONVERSION = YES_AGGRESSIVE;
				CLANG_CXX_LANGUAGE_STANDARD = "gnu++14";
				CLANG_CXX_LIBRARY = "libc++";
				CLANG_ENABLE_MODULES = YES;
				CLANG_ENABLE_OBJC_ARC = YES;
				CLANG_ENABLE_OBJC_WEAK = YES;
				CLANG_WARN_BLOCK_CAPTURE_AUTORELEASING = YES;
				CLANG_WARN_BOOL_CONVERSION = YES;
				CLANG_WARN_COMMA = YES;
				CLANG_WARN_CONSTANT_CONVERSION = YES;
				CLANG_WARN_DEPRECATED_OBJC_IMPLEMENTATIONS = YES;
				CLANG_WARN_DIRECT_OBJC_ISA_USAGE = YES_ERROR;
				CLANG_WARN_DOCUMENTATION_COMMENTS = YES;
				CLANG_WARN_EMPTY_BODY = YES;
				CLANG_WARN_ENUM_CONVERSION = YES;
				CLANG_WARN_INFINITE_RECURSION = YES;
				CLANG_WARN_INT_CONVERSION = YES;
				CLANG_WARN_NON_LITERAL_NULL_CONVERSION = YES;
				CLANG_WARN_OBJC_IMPLICIT_RETAIN_SELF = YES;
				CLANG_WARN_OBJC_LITERAL_CONVERSION = YES;
				CLANG_WARN_OBJC_ROOT_CLASS = YES_ERROR;
				CLANG_WARN_RANGE_LOOP_ANALYSIS = YES;
				CLANG_WARN_STRICT_PROTOTYPES = YES;
				CLANG_WARN_SUSPICIOUS_MOVE = YES;
				CLANG_WARN_UNGUARDED_AVAILABILITY = YES_AGGRESSIVE;
				CLANG_WARN_UNREACHABLE_CODE = YES;
				CLANG_WARN__DUPLICATE_METHOD_MATCH = YES;
				CODE_SIGN_IDENTITY = "iPhone Developer";
				COPY_PHASE_STRIP = NO;
				DEBUG_INFORMATION_FORMAT = dwarf;
				ENABLE_STRICT_OBJC_MSGSEND = YES;
				ENABLE_TESTABILITY = YES;
				GCC_C_LANGUAGE_STANDARD = gnu11;
				GCC_DYNAMIC_NO_PIC = NO;
				GCC_NO_COMMON_BLOCKS = YES;
				GCC_OPTIMIZATION_LEVEL = 0;
				GCC_PREPROCESSOR_DEFINITIONS = (
					"DEBUG=1",
					"$(inherited)",
				);
				GCC_WARN_64_TO_32_BIT_CONVERSION = YES;
				GCC_WARN_ABOUT_RETURN_TYPE = YES_ERROR;
				GCC_WARN_UNDECLARED_SELECTOR = YES;
				GCC_WARN_UNINITIALIZED_AUTOS = YES_AGGRESSIVE;
				GCC_WARN_UNUSED_FUNCTION = YES;
				GCC_WARN_UNUSED_VARIABLE = YES;
				IPHONEOS_DEPLOYMENT_TARGET = 12.2;
				MTL_ENABLE_DEBUG_INFO = INCLUDE_SOURCE;
				MTL_FAST_MATH = YES;
				ONLY_ACTIVE_ARCH = YES;
				SDKROOT = iphoneos;
				SWIFT_ACTIVE_COMPILATION_CONDITIONS = DEBUG;
				SWIFT_OPTIMIZATION_LEVEL = "-Onone";
			};
			name = Debug;
		};
		80DCAEFE22A32C1100F28BDA /* Release */ = {
			isa = XCBuildConfiguration;
			buildSettings = {
				ALWAYS_SEARCH_USER_PATHS = NO;
				CLANG_ANALYZER_NONNULL = YES;
				CLANG_ANALYZER_NUMBER_OBJECT_CONVERSION = YES_AGGRESSIVE;
				CLANG_CXX_LANGUAGE_STANDARD = "gnu++14";
				CLANG_CXX_LIBRARY = "libc++";
				CLANG_ENABLE_MODULES = YES;
				CLANG_ENABLE_OBJC_ARC = YES;
				CLANG_ENABLE_OBJC_WEAK = YES;
				CLANG_WARN_BLOCK_CAPTURE_AUTORELEASING = YES;
				CLANG_WARN_BOOL_CONVERSION = YES;
				CLANG_WARN_COMMA = YES;
				CLANG_WARN_CONSTANT_CONVERSION = YES;
				CLANG_WARN_DEPRECATED_OBJC_IMPLEMENTATIONS = YES;
				CLANG_WARN_DIRECT_OBJC_ISA_USAGE = YES_ERROR;
				CLANG_WARN_DOCUMENTATION_COMMENTS = YES;
				CLANG_WARN_EMPTY_BODY = YES;
				CLANG_WARN_ENUM_CONVERSION = YES;
				CLANG_WARN_INFINITE_RECURSION = YES;
				CLANG_WARN_INT_CONVERSION = YES;
				CLANG_WARN_NON_LITERAL_NULL_CONVERSION = YES;
				CLANG_WARN_OBJC_IMPLICIT_RETAIN_SELF = YES;
				CLANG_WARN_OBJC_LITERAL_CONVERSION = YES;
				CLANG_WARN_OBJC_ROOT_CLASS = YES_ERROR;
				CLANG_WARN_RANGE_LOOP_ANALYSIS = YES;
				CLANG_WARN_STRICT_PROTOTYPES = YES;
				CLANG_WARN_SUSPICIOUS_MOVE = YES;
				CLANG_WARN_UNGUARDED_AVAILABILITY = YES_AGGRESSIVE;
				CLANG_WARN_UNREACHABLE_CODE = YES;
				CLANG_WARN__DUPLICATE_METHOD_MATCH = YES;
				CODE_SIGN_IDENTITY = "iPhone Developer";
				COPY_PHASE_STRIP = NO;
				DEBUG_INFORMATION_FORMAT = "dwarf-with-dsym";
				ENABLE_NS_ASSERTIONS = NO;
				ENABLE_STRICT_OBJC_MSGSEND = YES;
				GCC_C_LANGUAGE_STANDARD = gnu11;
				GCC_NO_COMMON_BLOCKS = YES;
				GCC_WARN_64_TO_32_BIT_CONVERSION = YES;
				GCC_WARN_ABOUT_RETURN_TYPE = YES_ERROR;
				GCC_WARN_UNDECLARED_SELECTOR = YES;
				GCC_WARN_UNINITIALIZED_AUTOS = YES_AGGRESSIVE;
				GCC_WARN_UNUSED_FUNCTION = YES;
				GCC_WARN_UNUSED_VARIABLE = YES;
				IPHONEOS_DEPLOYMENT_TARGET = 12.2;
				MTL_ENABLE_DEBUG_INFO = NO;
				MTL_FAST_MATH = YES;
				SDKROOT = iphoneos;
				SWIFT_COMPILATION_MODE = wholemodule;
				SWIFT_OPTIMIZATION_LEVEL = "-O";
				VALIDATE_PRODUCT = YES;
			};
			name = Release;
		};
		80DCAF0022A32C1100F28BDA /* Debug */ = {
			isa = XCBuildConfiguration;
			baseConfigurationReference = 8691ED289C652F8BBA0B5744 /* Pods-TheiaSat.debug.xcconfig */;
			buildSettings = {
				ASSETCATALOG_COMPILER_APPICON_NAME = AppIcon;
				CODE_SIGN_STYLE = Automatic;
				DEVELOPMENT_TEAM = HX7ARNJK9R;
				FRAMEWORK_SEARCH_PATHS = (
					"$(inherited)",
					"$(PROJECT_DIR)",
				);
				INFOPLIST_FILE = TheiaSat/Info.plist;
				LD_RUNPATH_SEARCH_PATHS = (
					"$(inherited)",
					"@executable_path/Frameworks",
				);
				PRODUCT_BUNDLE_IDENTIFIER = com.mjvandyke.TheiaSat;
				PRODUCT_NAME = "$(TARGET_NAME)";
				SWIFT_VERSION = 5.0;
				TARGETED_DEVICE_FAMILY = 1;
			};
			name = Debug;
		};
		80DCAF0122A32C1100F28BDA /* Release */ = {
			isa = XCBuildConfiguration;
			baseConfigurationReference = 727C0E5DB4E12E6BF9557B44 /* Pods-TheiaSat.release.xcconfig */;
			buildSettings = {
				ASSETCATALOG_COMPILER_APPICON_NAME = AppIcon;
				CODE_SIGN_STYLE = Automatic;
				DEVELOPMENT_TEAM = HX7ARNJK9R;
				FRAMEWORK_SEARCH_PATHS = (
					"$(inherited)",
					"$(PROJECT_DIR)",
				);
				INFOPLIST_FILE = TheiaSat/Info.plist;
				LD_RUNPATH_SEARCH_PATHS = (
					"$(inherited)",
					"@executable_path/Frameworks",
				);
				PRODUCT_BUNDLE_IDENTIFIER = com.mjvandyke.TheiaSat;
				PRODUCT_NAME = "$(TARGET_NAME)";
				SWIFT_VERSION = 5.0;
				TARGETED_DEVICE_FAMILY = 1;
			};
			name = Release;
		};
		80DCAF0322A32C1100F28BDA /* Debug */ = {
			isa = XCBuildConfiguration;
			baseConfigurationReference = 44CFE6AB9940D40C2A2EBBAC /* Pods-TheiaSatTests.debug.xcconfig */;
			buildSettings = {
				ALWAYS_EMBED_SWIFT_STANDARD_LIBRARIES = YES;
				BUNDLE_LOADER = "$(TEST_HOST)";
				CODE_SIGN_STYLE = Automatic;
				DEVELOPMENT_TEAM = HX7ARNJK9R;
				INFOPLIST_FILE = TheiaSatTests/Info.plist;
				LD_RUNPATH_SEARCH_PATHS = (
					"$(inherited)",
					"@executable_path/Frameworks",
					"@loader_path/Frameworks",
				);
				PRODUCT_BUNDLE_IDENTIFIER = com.mjvandyke.TheiaSatTests;
				PRODUCT_NAME = "$(TARGET_NAME)";
				SWIFT_VERSION = 5.0;
				TARGETED_DEVICE_FAMILY = "1,2";
				TEST_HOST = "$(BUILT_PRODUCTS_DIR)/TheiaSat.app/TheiaSat";
			};
			name = Debug;
		};
		80DCAF0422A32C1100F28BDA /* Release */ = {
			isa = XCBuildConfiguration;
			baseConfigurationReference = 4744338F4948C004AD05CBD0 /* Pods-TheiaSatTests.release.xcconfig */;
			buildSettings = {
				ALWAYS_EMBED_SWIFT_STANDARD_LIBRARIES = YES;
				BUNDLE_LOADER = "$(TEST_HOST)";
				CODE_SIGN_STYLE = Automatic;
				DEVELOPMENT_TEAM = HX7ARNJK9R;
				INFOPLIST_FILE = TheiaSatTests/Info.plist;
				LD_RUNPATH_SEARCH_PATHS = (
					"$(inherited)",
					"@executable_path/Frameworks",
					"@loader_path/Frameworks",
				);
				PRODUCT_BUNDLE_IDENTIFIER = com.mjvandyke.TheiaSatTests;
				PRODUCT_NAME = "$(TARGET_NAME)";
				SWIFT_VERSION = 5.0;
				TARGETED_DEVICE_FAMILY = "1,2";
				TEST_HOST = "$(BUILT_PRODUCTS_DIR)/TheiaSat.app/TheiaSat";
			};
			name = Release;
		};
		80DCAF0622A32C1100F28BDA /* Debug */ = {
			isa = XCBuildConfiguration;
			baseConfigurationReference = C3240683B9A8ED58467FD1AA /* Pods-TheiaSatUITests.debug.xcconfig */;
			buildSettings = {
				ALWAYS_EMBED_SWIFT_STANDARD_LIBRARIES = YES;
				CODE_SIGN_STYLE = Automatic;
				DEVELOPMENT_TEAM = HX7ARNJK9R;
				INFOPLIST_FILE = TheiaSatUITests/Info.plist;
				LD_RUNPATH_SEARCH_PATHS = (
					"$(inherited)",
					"@executable_path/Frameworks",
					"@loader_path/Frameworks",
				);
				PRODUCT_BUNDLE_IDENTIFIER = com.mjvandyke.TheiaSatUITests;
				PRODUCT_NAME = "$(TARGET_NAME)";
				SWIFT_VERSION = 5.0;
				TARGETED_DEVICE_FAMILY = "1,2";
				TEST_TARGET_NAME = TheiaSat;
			};
			name = Debug;
		};
		80DCAF0722A32C1100F28BDA /* Release */ = {
			isa = XCBuildConfiguration;
			baseConfigurationReference = 8BE386FA627F14064F3968F1 /* Pods-TheiaSatUITests.release.xcconfig */;
			buildSettings = {
				ALWAYS_EMBED_SWIFT_STANDARD_LIBRARIES = YES;
				CODE_SIGN_STYLE = Automatic;
				DEVELOPMENT_TEAM = HX7ARNJK9R;
				INFOPLIST_FILE = TheiaSatUITests/Info.plist;
				LD_RUNPATH_SEARCH_PATHS = (
					"$(inherited)",
					"@executable_path/Frameworks",
					"@loader_path/Frameworks",
				);
				PRODUCT_BUNDLE_IDENTIFIER = com.mjvandyke.TheiaSatUITests;
				PRODUCT_NAME = "$(TARGET_NAME)";
				SWIFT_VERSION = 5.0;
				TARGETED_DEVICE_FAMILY = "1,2";
				TEST_TARGET_NAME = TheiaSat;
			};
			name = Release;
		};
/* End XCBuildConfiguration section */

/* Begin XCConfigurationList section */
		80DCAED222A32C0E00F28BDA /* Build configuration list for PBXProject "TheiaSat" */ = {
			isa = XCConfigurationList;
			buildConfigurations = (
				80DCAEFD22A32C1100F28BDA /* Debug */,
				80DCAEFE22A32C1100F28BDA /* Release */,
			);
			defaultConfigurationIsVisible = 0;
			defaultConfigurationName = Release;
		};
		80DCAEFF22A32C1100F28BDA /* Build configuration list for PBXNativeTarget "TheiaSat" */ = {
			isa = XCConfigurationList;
			buildConfigurations = (
				80DCAF0022A32C1100F28BDA /* Debug */,
				80DCAF0122A32C1100F28BDA /* Release */,
			);
			defaultConfigurationIsVisible = 0;
			defaultConfigurationName = Release;
		};
		80DCAF0222A32C1100F28BDA /* Build configuration list for PBXNativeTarget "TheiaSatTests" */ = {
			isa = XCConfigurationList;
			buildConfigurations = (
				80DCAF0322A32C1100F28BDA /* Debug */,
				80DCAF0422A32C1100F28BDA /* Release */,
			);
			defaultConfigurationIsVisible = 0;
			defaultConfigurationName = Release;
		};
		80DCAF0522A32C1100F28BDA /* Build configuration list for PBXNativeTarget "TheiaSatUITests" */ = {
			isa = XCConfigurationList;
			buildConfigurations = (
				80DCAF0622A32C1100F28BDA /* Debug */,
				80DCAF0722A32C1100F28BDA /* Release */,
			);
			defaultConfigurationIsVisible = 0;
			defaultConfigurationName = Release;
		};
/* End XCConfigurationList section */
	};
	rootObject = 80DCAECF22A32C0E00F28BDA /* Project object */;
}
